{
  "name": "project-group-16",
  "lockfileVersion": 3,
  "requires": true,
  "packages": {
    "": {
      "dependencies": {
        "@mdi/font": "^7.4.47",
        "mdi": "^2.2.43"
      }
    },
    "node_modules/@mdi/font": {
      "version": "7.4.47",
      "resolved": "https://registry.npmjs.org/@mdi/font/-/font-7.4.47.tgz",
      "integrity": "sha512-43MtGpd585SNzHZPcYowu/84Vz2a2g31TvPMTm9uTiCSWzaheQySUcSyUH/46fPnuPQWof2yd0pGBtzee/IQWw=="
    },
    "node_modules/mdi": {
      "version": "2.2.43",
      "resolved": "https://registry.npmjs.org/mdi/-/mdi-2.2.43.tgz",
      "integrity": "sha512-g3m6z4303qieltUM20JL2gdsJZvoVzIzO74qa2XxZ2kg9JPwrPEAgooVhRDHZi1vvRh0gB8Dg+c9XqNdz4jcIg==",
      "deprecated": "The mdi package was renamed to @mdi/font after v2.2.43. Please rename in your package.json for future updates."
    }
  }
}
